// !$*UTF8*$!
{
	archiveVersion = 1;
	classes = {
	};
	objectVersion = 51;
	objects = {

/* Begin PBXBuildFile section */
		0893EC7C248C45C6000DC3AE /* AppDelegate.swift in Sources */ = {isa = PBXBuildFile; fileRef = 0893EC7B248C45C6000DC3AE /* AppDelegate.swift */; };
		0893EC7E248C45C6000DC3AE /* SceneDelegate.swift in Sources */ = {isa = PBXBuildFile; fileRef = 0893EC7D248C45C6000DC3AE /* SceneDelegate.swift */; };
		0893EC80248C45C6000DC3AE /* ContentView.swift in Sources */ = {isa = PBXBuildFile; fileRef = 0893EC7F248C45C6000DC3AE /* ContentView.swift */; };
		0893EC82248C45C8000DC3AE /* Assets.xcassets in Resources */ = {isa = PBXBuildFile; fileRef = 0893EC81248C45C8000DC3AE /* Assets.xcassets */; };
		0893EC85248C45C8000DC3AE /* Preview Assets.xcassets in Resources */ = {isa = PBXBuildFile; fileRef = 0893EC84248C45C8000DC3AE /* Preview Assets.xcassets */; };
		0893EC88248C45C8000DC3AE /* LaunchScreen.storyboard in Resources */ = {isa = PBXBuildFile; fileRef = 0893EC86248C45C8000DC3AE /* LaunchScreen.storyboard */; };
		08A43D532493FBE300D1A13D /* Loader.swift in Sources */ = {isa = PBXBuildFile; fileRef = 08A43D522493FBE300D1A13D /* Loader.swift */; };
		08A43D552493FD5500D1A13D /* Booked.swift in Sources */ = {isa = PBXBuildFile; fileRef = 08A43D542493FD5500D1A13D /* Booked.swift */; };
		08A43D5C24942DFC00D1A13D /* GoogleService-Info.plist in Resources */ = {isa = PBXBuildFile; fileRef = 08A43D5B24942DFC00D1A13D /* GoogleService-Info.plist */; };
		08A43D5E2494430B00D1A13D /* Home.swift in Sources */ = {isa = PBXBuildFile; fileRef = 08A43D5D2494430B00D1A13D /* Home.swift */; };
		08A43D602494433000D1A13D /* MapView.swift in Sources */ = {isa = PBXBuildFile; fileRef = 08A43D5F2494433000D1A13D /* MapView.swift */; };
		08A43D6224944B1F00D1A13D /* SearchView.swift in Sources */ = {isa = PBXBuildFile; fileRef = 08A43D6124944B1F00D1A13D /* SearchView.swift */; };
		0D00542CBA0D30A7FD609B67 /* Pods_UberClone.framework in Frameworks */ = {isa = PBXBuildFile; fileRef = 6728E057AAEA5E21A2053E2B /* Pods_UberClone.framework */; };
/* End PBXBuildFile section */

/* Begin PBXFileReference section */
		0019AF191761A25652652DBF /* Pods-UberClone.release.xcconfig */ = {isa = PBXFileReference; includeInIndex = 1; lastKnownFileType = text.xcconfig; name = "Pods-UberClone.release.xcconfig"; path = "Target Support Files/Pods-UberClone/Pods-UberClone.release.xcconfig"; sourceTree = "<group>"; };
		0893EC78248C45C6000DC3AE /* UberClone.app */ = {isa = PBXFileReference; explicitFileType = wrapper.application; includeInIndex = 0; path = UberClone.app; sourceTree = BUILT_PRODUCTS_DIR; };
		0893EC7B248C45C6000DC3AE /* AppDelegate.swift */ = {isa = PBXFileReference; lastKnownFileType = sourcecode.swift; path = AppDelegate.swift; sourceTree = "<group>"; };
		0893EC7D248C45C6000DC3AE /* SceneDelegate.swift */ = {isa = PBXFileReference; lastKnownFileType = sourcecode.swift; path = SceneDelegate.swift; sourceTree = "<group>"; };
		0893EC7F248C45C6000DC3AE /* ContentView.swift */ = {isa = PBXFileReference; lastKnownFileType = sourcecode.swift; path = ContentView.swift; sourceTree = "<group>"; };
		0893EC81248C45C8000DC3AE /* Assets.xcassets */ = {isa = PBXFileReference; lastKnownFileType = folder.assetcatalog; path = Assets.xcassets; sourceTree = "<group>"; };
		0893EC84248C45C8000DC3AE /* Preview Assets.xcassets */ = {isa = PBXFileReference; lastKnownFileType = folder.assetcatalog; path = "Preview Assets.xcassets"; sourceTree = "<group>"; };
		0893EC87248C45C8000DC3AE /* Base */ = {isa = PBXFileReference; lastKnownFileType = file.storyboard; name = Base; path = Base.lproj/LaunchScreen.storyboard; sourceTree = "<group>"; };
		0893EC89248C45C8000DC3AE /* Info.plist */ = {isa = PBXFileReference; lastKnownFileType = text.plist.xml; path = Info.plist; sourceTree = "<group>"; };
		08A43D522493FBE300D1A13D /* Loader.swift */ = {isa = PBXFileReference; lastKnownFileType = sourcecode.swift; path = Loader.swift; sourceTree = "<group>"; };
		08A43D542493FD5500D1A13D /* Booked.swift */ = {isa = PBXFileReference; lastKnownFileType = sourcecode.swift; path = Booked.swift; sourceTree = "<group>"; };
		08A43D5B24942DFC00D1A13D /* GoogleService-Info.plist */ = {isa = PBXFileReference; fileEncoding = 4; lastKnownFileType = text.plist.xml; path = "GoogleService-Info.plist"; sourceTree = "<group>"; };
		08A43D5D2494430B00D1A13D /* Home.swift */ = {isa = PBXFileReference; lastKnownFileType = sourcecode.swift; path = Home.swift; sourceTree = "<group>"; };
		08A43D5F2494433000D1A13D /* MapView.swift */ = {isa = PBXFileReference; lastKnownFileType = sourcecode.swift; path = MapView.swift; sourceTree = "<group>"; };
		08A43D6124944B1F00D1A13D /* SearchView.swift */ = {isa = PBXFileReference; lastKnownFileType = sourcecode.swift; path = SearchView.swift; sourceTree = "<group>"; };
		6728E057AAEA5E21A2053E2B /* Pods_UberClone.framework */ = {isa = PBXFileReference; explicitFileType = wrapper.framework; includeInIndex = 0; path = Pods_UberClone.framework; sourceTree = BUILT_PRODUCTS_DIR; };
		DA2743177BAB2DE1B57A5D8D /* Pods-UberClone.debug.xcconfig */ = {isa = PBXFileReference; includeInIndex = 1; lastKnownFileType = text.xcconfig; name = "Pods-UberClone.debug.xcconfig"; path = "Target Support Files/Pods-UberClone/Pods-UberClone.debug.xcconfig"; sourceTree = "<group>"; };
/* End PBXFileReference section */

/* Begin PBXFrameworksBuildPhase section */
		0893EC75248C45C6000DC3AE /* Frameworks */ = {
			isa = PBXFrameworksBuildPhase;
			buildActionMask = 2147483647;
			files = (
				0D00542CBA0D30A7FD609B67 /* Pods_UberClone.framework in Frameworks */,
			);
			runOnlyForDeploymentPostprocessing = 0;
		};
/* End PBXFrameworksBuildPhase section */

/* Begin PBXGroup section */
		0893EC6F248C45C6000DC3AE = {
			isa = PBXGroup;
			children = (
				0893EC7A248C45C6000DC3AE /* UberClone */,
				0893EC79248C45C6000DC3AE /* Products */,
				93121E9DFF453AD68BC4FD8E /* Pods */,
				797A7270B8AFA513EE846544 /* Frameworks */,
			);
			sourceTree = "<group>";
		};
		0893EC79248C45C6000DC3AE /* Products */ = {
			isa = PBXGroup;
			children = (
				0893EC78248C45C6000DC3AE /* UberClone.app */,
			);
			name = Products;
			sourceTree = "<group>";
		};
		0893EC7A248C45C6000DC3AE /* UberClone */ = {
			isa = PBXGroup;
			children = (
				08A43D5B24942DFC00D1A13D /* GoogleService-Info.plist */,
				08A43D582494224C00D1A13D /* Views */,
				0893EC7B248C45C6000DC3AE /* AppDelegate.swift */,
				0893EC7D248C45C6000DC3AE /* SceneDelegate.swift */,
				0893EC7F248C45C6000DC3AE /* ContentView.swift */,
				0893EC81248C45C8000DC3AE /* Assets.xcassets */,
				0893EC86248C45C8000DC3AE /* LaunchScreen.storyboard */,
				0893EC89248C45C8000DC3AE /* Info.plist */,
				0893EC83248C45C8000DC3AE /* Preview Content */,
			);
			path = UberClone;
			sourceTree = "<group>";
		};
		0893EC83248C45C8000DC3AE /* Preview Content */ = {
			isa = PBXGroup;
			children = (
				0893EC84248C45C8000DC3AE /* Preview Assets.xcassets */,
			);
			path = "Preview Content";
			sourceTree = "<group>";
		};
		08A43D582494224C00D1A13D /* Views */ = {
			isa = PBXGroup;
			children = (
				08A43D542493FD5500D1A13D /* Booked.swift */,
				08A43D522493FBE300D1A13D /* Loader.swift */,
				08A43D5D2494430B00D1A13D /* Home.swift */,
				08A43D5F2494433000D1A13D /* MapView.swift */,
				08A43D6124944B1F00D1A13D /* SearchView.swift */,
			);
			path = Views;
			sourceTree = "<group>";
		};
		797A7270B8AFA513EE846544 /* Frameworks */ = {
			isa = PBXGroup;
			children = (
				6728E057AAEA5E21A2053E2B /* Pods_UberClone.framework */,
			);
			name = Frameworks;
			sourceTree = "<group>";
		};
		93121E9DFF453AD68BC4FD8E /* Pods */ = {
			isa = PBXGroup;
			children = (
				DA2743177BAB2DE1B57A5D8D /* Pods-UberClone.debug.xcconfig */,
				0019AF191761A25652652DBF /* Pods-UberClone.release.xcconfig */,
			);
			path = Pods;
			sourceTree = "<group>";
		};
/* End PBXGroup section */

/* Begin PBXNativeTarget section */
		0893EC77248C45C6000DC3AE /* UberClone */ = {
			isa = PBXNativeTarget;
			buildConfigurationList = 0893EC8C248C45C8000DC3AE /* Build configuration list for PBXNativeTarget "UberClone" */;
			buildPhases = (
				4D6F815331981961E6C2673B /* [CP] Check Pods Manifest.lock */,
				0893EC74248C45C6000DC3AE /* Sources */,
				0893EC75248C45C6000DC3AE /* Frameworks */,
				0893EC76248C45C6000DC3AE /* Resources */,
				2EB9C61506E7FE2D901695E3 /* [CP] Embed Pods Frameworks */,
			);
			buildRules = (
			);
			dependencies = (
			);
			name = UberClone;
			productName = UberClone;
			productReference = 0893EC78248C45C6000DC3AE /* UberClone.app */;
			productType = "com.apple.product-type.application";
		};
/* End PBXNativeTarget section */

/* Begin PBXProject section */
		0893EC70248C45C6000DC3AE /* Project object */ = {
			isa = PBXProject;
			attributes = {
				LastSwiftUpdateCheck = 1130;
				LastUpgradeCheck = 1130;
				ORGANIZATIONNAME = "Jimmy Leu";
				TargetAttributes = {
					0893EC77248C45C6000DC3AE = {
						CreatedOnToolsVersion = 11.3.1;
					};
				};
			};
			buildConfigurationList = 0893EC73248C45C6000DC3AE /* Build configuration list for PBXProject "UberClone" */;
			compatibilityVersion = "Xcode 9.3";
			developmentRegion = en;
			hasScannedForEncodings = 0;
			knownRegions = (
				en,
				Base,
			);
			mainGroup = 0893EC6F248C45C6000DC3AE;
			productRefGroup = 0893EC79248C45C6000DC3AE /* Products */;
			projectDirPath = "";
			projectRoot = "";
			targets = (
				0893EC77248C45C6000DC3AE /* UberClone */,
			);
		};
/* End PBXProject section */

/* Begin PBXResourcesBuildPhase section */
		0893EC76248C45C6000DC3AE /* Resources */ = {
			isa = PBXResourcesBuildPhase;
			buildActionMask = 2147483647;
			files = (
				0893EC88248C45C8000DC3AE /* LaunchScreen.storyboard in Resources */,
				0893EC85248C45C8000DC3AE /* Preview Assets.xcassets in Resources */,
				0893EC82248C45C8000DC3AE /* Assets.xcassets in Resources */,
				08A43D5C24942DFC00D1A13D /* GoogleService-Info.plist in Resources */,
			);
			runOnlyForDeploymentPostprocessing = 0;
		};
/* End PBXResourcesBuildPhase section */

/* Begin PBXShellScriptBuildPhase section */
		2EB9C61506E7FE2D901695E3 /* [CP] Embed Pods Frameworks */ = {
			isa = PBXShellScriptBuildPhase;
			buildActionMask = 2147483647;
			files = (
			);
			inputFileListPaths = (
				"${PODS_ROOT}/Target Support Files/Pods-UberClone/Pods-UberClone-frameworks-${CONFIGURATION}-input-files.xcfilelist",
			);
			name = "[CP] Embed Pods Frameworks";
			outputFileListPaths = (
				"${PODS_ROOT}/Target Support Files/Pods-UberClone/Pods-UberClone-frameworks-${CONFIGURATION}-output-files.xcfilelist",
			);
			runOnlyForDeploymentPostprocessing = 0;
			shellPath = /bin/sh;
			shellScript = "\"${PODS_ROOT}/Target Support Files/Pods-UberClone/Pods-UberClone-frameworks.sh\"\n";
			showEnvVarsInLog = 0;
		};
		4D6F815331981961E6C2673B /* [CP] Check Pods Manifest.lock */ = {
			isa = PBXShellScriptBuildPhase;
			buildActionMask = 2147483647;
			files = (
			);
			inputFileListPaths = (
			);
			inputPaths = (
				"${PODS_PODFILE_DIR_PATH}/Podfile.lock",
				"${PODS_ROOT}/Manifest.lock",
			);
			name = "[CP] Check Pods Manifest.lock";
			outputFileListPaths = (
			);
			outputPaths = (
				"$(DERIVED_FILE_DIR)/Pods-UberClone-checkManifestLockResult.txt",
			);
			runOnlyForDeploymentPostprocessing = 0;
			shellPath = /bin/sh;
			shellScript = "diff \"${PODS_PODFILE_DIR_PATH}/Podfile.lock\" \"${PODS_ROOT}/Manifest.lock\" > /dev/null\nif [ $? != 0 ] ; then\n    # print error to STDERR\n    echo \"error: The sandbox is not in sync with the Podfile.lock. Run 'pod install' or update your CocoaPods installation.\" >&2\n    exit 1\nfi\n# This output is used by Xcode 'outputs' to avoid re-running this script phase.\necho \"SUCCESS\" > \"${SCRIPT_OUTPUT_FILE_0}\"\n";
			showEnvVarsInLog = 0;
		};
/* End PBXShellScriptBuildPhase section */

/* Begin PBXSourcesBuildPhase section */
		0893EC74248C45C6000DC3AE /* Sources */ = {
			isa = PBXSourcesBuildPhase;
			buildActionMask = 2147483647;
			files = (
				08A43D602494433000D1A13D /* MapView.swift in Sources */,
				0893EC7C248C45C6000DC3AE /* AppDelegate.swift in Sources */,
				0893EC7E248C45C6000DC3AE /* SceneDelegate.swift in Sources */,
				08A43D532493FBE300D1A13D /* Loader.swift in Sources */,
				08A43D6224944B1F00D1A13D /* SearchView.swift in Sources */,
				0893EC80248C45C6000DC3AE /* ContentView.swift in Sources */,
				08A43D5E2494430B00D1A13D /* Home.swift in Sources */,
				08A43D552493FD5500D1A13D /* Booked.swift in Sources */,
			);
			runOnlyForDeploymentPostprocessing = 0;
		};
/* End PBXSourcesBuildPhase section */

/* Begin PBXVariantGroup section */
		0893EC86248C45C8000DC3AE /* LaunchScreen.storyboard */ = {
			isa = PBXVariantGroup;
			children = (
				0893EC87248C45C8000DC3AE /* Base */,
			);
			name = LaunchScreen.storyboard;
			sourceTree = "<group>";
		};
/* End PBXVariantGroup section */

/* Begin XCBuildConfiguration section */
		0893EC8A248C45C8000DC3AE /* Debug */ = {
			isa = XCBuildConfiguration;
			buildSettings = {
				ALWAYS_SEARCH_USER_PATHS = NO;
				CLANG_ANALYZER_NONNULL = YES;
				CLANG_ANALYZER_NUMBER_OBJECT_CONVERSION = YES_AGGRESSIVE;
				CLANG_CXX_LANGUAGE_STANDARD = "gnu++14";
				CLANG_CXX_LIBRARY = "libc++";
				CLANG_ENABLE_MODULES = YES;
				CLANG_ENABLE_OBJC_ARC = YES;
				CLANG_ENABLE_OBJC_WEAK = YES;
				CLANG_WARN_BLOCK_CAPTURE_AUTORELEASING = YES;
				CLANG_WARN_BOOL_CONVERSION = YES;
				CLANG_WARN_COMMA = YES;
				CLANG_WARN_CONSTANT_CONVERSION = YES;
				CLANG_WARN_DEPRECATED_OBJC_IMPLEMENTATIONS = YES;
				CLANG_WARN_DIRECT_OBJC_ISA_USAGE = YES_ERROR;
				CLANG_WARN_DOCUMENTATION_COMMENTS = YES;
				CLANG_WARN_EMPTY_BODY = YES;
				CLANG_WARN_ENUM_CONVERSION = YES;
				CLANG_WARN_INFINITE_RECURSION = YES;
				CLANG_WARN_INT_CONVERSION = YES;
				CLANG_WARN_NON_LITERAL_NULL_CONVERSION = YES;
				CLANG_WARN_OBJC_IMPLICIT_RETAIN_SELF = YES;
				CLANG_WARN_OBJC_LITERAL_CONVERSION = YES;
				CLANG_WARN_OBJC_ROOT_CLASS = YES_ERROR;
				CLANG_WARN_RANGE_LOOP_ANALYSIS = YES;
				CLANG_WARN_STRICT_PROTOTYPES = YES;
				CLANG_WARN_SUSPICIOUS_MOVE = YES;
				CLANG_WARN_UNGUARDED_AVAILABILITY = YES_AGGRESSIVE;
				CLANG_WARN_UNREACHABLE_CODE = YES;
				CLANG_WARN__DUPLICATE_METHOD_MATCH = YES;
				COPY_PHASE_STRIP = NO;
				DEBUG_INFORMATION_FORMAT = dwarf;
				ENABLE_STRICT_OBJC_MSGSEND = YES;
				ENABLE_TESTABILITY = YES;
				GCC_C_LANGUAGE_STANDARD = gnu11;
				GCC_DYNAMIC_NO_PIC = NO;
				GCC_NO_COMMON_BLOCKS = YES;
				GCC_OPTIMIZATION_LEVEL = 0;
				GCC_PREPROCESSOR_DEFINITIONS = (
					"DEBUG=1",
					"$(inherited)",
				);
				GCC_WARN_64_TO_32_BIT_CONVERSION = YES;
				GCC_WARN_ABOUT_RETURN_TYPE = YES_ERROR;
				GCC_WARN_UNDECLARED_SELECTOR = YES;
				GCC_WARN_UNINITIALIZED_AUTOS = YES_AGGRESSIVE;
				GCC_WARN_UNUSED_FUNCTION = YES;
				GCC_WARN_UNUSED_VARIABLE = YES;
				IPHONEOS_DEPLOYMENT_TARGET = 13.2;
				MTL_ENABLE_DEBUG_INFO = INCLUDE_SOURCE;
				MTL_FAST_MATH = YES;
				ONLY_ACTIVE_ARCH = YES;
				SDKROOT = iphoneos;
				SWIFT_ACTIVE_COMPILATION_CONDITIONS = DEBUG;
				SWIFT_OPTIMIZATION_LEVEL = "-Onone";
			};
			name = Debug;
		};
		0893EC8B248C45C8000DC3AE /* Release */ = {
			isa = XCBuildConfiguration;
			buildSettings = {
				ALWAYS_SEARCH_USER_PATHS = NO;
				CLANG_ANALYZER_NONNULL = YES;
				CLANG_ANALYZER_NUMBER_OBJECT_CONVERSION = YES_AGGRESSIVE;
				CLANG_CXX_LANGUAGE_STANDARD = "gnu++14";
				CLANG_CXX_LIBRARY = "libc++";
				CLANG_ENABLE_MODULES = YES;
				CLANG_ENABLE_OBJC_ARC = YES;
				CLANG_ENABLE_OBJC_WEAK = YES;
				CLANG_WARN_BLOCK_CAPTURE_AUTORELEASING = YES;
				CLANG_WARN_BOOL_CONVERSION = YES;
				CLANG_WARN_COMMA = YES;
				CLANG_WARN_CONSTANT_CONVERSION = YES;
				CLANG_WARN_DEPRECATED_OBJC_IMPLEMENTATIONS = YES;
				CLANG_WARN_DIRECT_OBJC_ISA_USAGE = YES_ERROR;
				CLANG_WARN_DOCUMENTATION_COMMENTS = YES;
				CLANG_WARN_EMPTY_BODY = YES;
				CLANG_WARN_ENUM_CONVERSION = YES;
				CLANG_WARN_INFINITE_RECURSION = YES;
				CLANG_WARN_INT_CONVERSION = YES;
				CLANG_WARN_NON_LITERAL_NULL_CONVERSION = YES;
				CLANG_WARN_OBJC_IMPLICIT_RETAIN_SELF = YES;
				CLANG_WARN_OBJC_LITERAL_CONVERSION = YES;
				CLANG_WARN_OBJC_ROOT_CLASS = YES_ERROR;
				CLANG_WARN_RANGE_LOOP_ANALYSIS = YES;
				CLANG_WARN_STRICT_PROTOTYPES = YES;
				CLANG_WARN_SUSPICIOUS_MOVE = YES;
				CLANG_WARN_UNGUARDED_AVAILABILITY = YES_AGGRESSIVE;
				CLANG_WARN_UNREACHABLE_CODE = YES;
				CLANG_WARN__DUPLICATE_METHOD_MATCH = YES;
				COPY_PHASE_STRIP = NO;
				DEBUG_INFORMATION_FORMAT = "dwarf-with-dsym";
				ENABLE_NS_ASSERTIONS = NO;
				ENABLE_STRICT_OBJC_MSGSEND = YES;
				GCC_C_LANGUAGE_STANDARD = gnu11;
				GCC_NO_COMMON_BLOCKS = YES;
				GCC_WARN_64_TO_32_BIT_CONVERSION = YES;
				GCC_WARN_ABOUT_RETURN_TYPE = YES_ERROR;
				GCC_WARN_UNDECLARED_SELECTOR = YES;
				GCC_WARN_UNINITIALIZED_AUTOS = YES_AGGRESSIVE;
				GCC_WARN_UNUSED_FUNCTION = YES;
				GCC_WARN_UNUSED_VARIABLE = YES;
				IPHONEOS_DEPLOYMENT_TARGET = 13.2;
				MTL_ENABLE_DEBUG_INFO = NO;
				MTL_FAST_MATH = YES;
				SDKROOT = iphoneos;
				SWIFT_COMPILATION_MODE = wholemodule;
				SWIFT_OPTIMIZATION_LEVEL = "-O";
				VALIDATE_PRODUCT = YES;
			};
			name = Release;
		};
		0893EC8D248C45C8000DC3AE /* Debug */ = {
			isa = XCBuildConfiguration;
			baseConfigurationReference = DA2743177BAB2DE1B57A5D8D /* Pods-UberClone.debug.xcconfig */;
			buildSettings = {
				ASSETCATALOG_COMPILER_APPICON_NAME = AppIcon;
				CODE_SIGN_STYLE = Automatic;
				DEVELOPMENT_ASSET_PATHS = "\"UberClone/Preview Content\"";
				DEVELOPMENT_TEAM = EQW652JMS3;
				ENABLE_PREVIEWS = YES;
				INFOPLIST_FILE = UberClone/Info.plist;
				LD_RUNPATH_SEARCH_PATHS = (
					"$(inherited)",
					"@executable_path/Frameworks",
				);
				PRODUCT_BUNDLE_IDENTIFIER = com.Calyx.landmark.UberClone;
				PRODUCT_NAME = "$(TARGET_NAME)";
				SWIFT_VERSION = 5.0;
				TARGETED_DEVICE_FAMILY = "1,2";
			};
			name = Debug;
		};
		0893EC8E248C45C8000DC3AE /* Release */ = {
			isa = XCBuildConfiguration;
			baseConfigurationReference = 0019AF191761A25652652DBF /* Pods-UberClone.release.xcconfig */;
			buildSettings = {
				ASSETCATALOG_COMPILER_APPICON_NAME = AppIcon;
				CODE_SIGN_STYLE = Automatic;
				DEVELOPMENT_ASSET_PATHS = "\"UberClone/Preview Content\"";
				DEVELOPMENT_TEAM = EQW652JMS3;
				ENABLE_PREVIEWS = YES;
				INFOPLIST_FILE = UberClone/Info.plist;
				LD_RUNPATH_SEARCH_PATHS = (
					"$(inherited)",
					"@executable_path/Frameworks",
				);
				PRODUCT_BUNDLE_IDENTIFIER = com.Calyx.landmark.UberClone;
				PRODUCT_NAME = "$(TARGET_NAME)";
				SWIFT_VERSION = 5.0;
				TARGETED_DEVICE_FAMILY = "1,2";
			};
			name = Release;
		};
/* End XCBuildConfiguration section */

/* Begin XCConfigurationList section */
		0893EC73248C45C6000DC3AE /* Build configuration list for PBXProject "UberClone" */ = {
			isa = XCConfigurationList;
			buildConfigurations = (
				0893EC8A248C45C8000DC3AE /* Debug */,
				0893EC8B248C45C8000DC3AE /* Release */,
			);
			defaultConfigurationIsVisible = 0;
			defaultConfigurationName = Release;
		};
		0893EC8C248C45C8000DC3AE /* Build configuration list for PBXNativeTarget "UberClone" */ = {
			isa = XCConfigurationList;
			buildConfigurations = (
				0893EC8D248C45C8000DC3AE /* Debug */,
				0893EC8E248C45C8000DC3AE /* Release */,
			);
			defaultConfigurationIsVisible = 0;
			defaultConfigurationName = Release;
		};
/* End XCConfigurationList section */
	};
	rootObject = 0893EC70248C45C6000DC3AE /* Project object */;
}
